
Microsoft Visual Studio Solution File, Format Version 12.00
# Visual Studio 15
VisualStudioVersion = 15.0.28307.705
MinimumVisualStudioVersion = 10.0.40219.1
Project("{FAE04EC0-301F-11D3-BF4B-00C04F79EFBC}") = "Image Converter", "Image Converter\Image Converter.csproj", "{84795A95-5A3F-41B6-AF54-72F2CF5E69CE}"
EndProject
Global
	GlobalSection(SolutionConfigurationPlatforms) = preSolution
		Debug|Any CPU = Debug|Any CPU
		Release|Any CPU = Release|Any CPU
	EndGlobalSection
	GlobalSection(ProjectConfigurationPlatforms) = postSolution
		{84795A95-5A3F-41B6-AF54-72F2CF5E69CE}.Debug|Any CPU.ActiveCfg = Debug|Any CPU
		{84795A95-5A3F-41B6-AF54-72F2CF5E69CE}.Debug|Any CPU.Build.0 = Debug|Any CPU
		{84795A95-5A3F-41B6-AF54-72F2CF5E69CE}.Release|Any CPU.ActiveCfg = Release|Any CPU
		{84795A95-5A3F-41B6-AF54-72F2CF5E69CE}.Release|Any CPU.Build.0 = Release|Any CPU
	EndGlobalSection
	GlobalSection(SolutionProperties) = preSolution
		HideSolutionNode = FALSE
	EndGlobalSection
	GlobalSection(ExtensibilityGlobals) = postSolution
		SolutionGuid = {3A362FC4-6E5B-41A1-82D9-E2C60EE7E9AB}
	EndGlobalSection
EndGlobal
